
Microsoft Visual Studio Solution File, Format Version 12.00
# Visual Studio Version 17
VisualStudioVersion = 17.0.31825.309
MinimumVisualStudioVersion = 10.0.40219.1
Project("{2150E333-8FDC-42A3-9474-1A3956D46DE8}") = "IdentityServer", "IdentityServer", "{F404B739-2B48-4BD7-87F6-6DEDA3F14447}"
EndProject
Project("{2150E333-8FDC-42A3-9474-1A3956D46DE8}") = "Clients", "Clients", "{28722BEC-F0CF-4EF1-A94E-FC13872CA45B}"
EndProject
Project("{2150E333-8FDC-42A3-9474-1A3956D46DE8}") = "Gateway", "Gateway", "{BAF3B236-AEDA-4D62-A424-43AA802B0234}"
EndProject
Project("{2150E333-8FDC-42A3-9474-1A3956D46DE8}") = "Services", "Services", "{55D11A66-3000-4327-9D1C-AB1144EC0C7C}"
EndProject
Project("{2150E333-8FDC-42A3-9474-1A3956D46DE8}") = "Shared", "Shared", "{8A271992-D3D1-4FA4-A69D-DC918167E07C}"
EndProject
Project("{2150E333-8FDC-42A3-9474-1A3956D46DE8}") = "ReactWebApp", "ReactWebApp", "{680CC665-8451-4E1E-B37E-A78BF62DDC69}"
EndProject
Project("{9A19103F-16F7-4668-BE54-9A1E7A4F7556}") = "GRP.Shared.Core", "Shared\GRP.Shared.Core\GRP.Shared.Core.csproj", "{2108BC24-F535-4BF7-B110-662F019B0A5E}"
EndProject
Project("{2150E333-8FDC-42A3-9474-1A3956D46DE8}") = "WaterTankCalculator", "WaterTankCalculator", "{6C3F9833-F227-47E5-AAF0-14EA4FB85DD0}"
EndProject
Project("{9A19103F-16F7-4668-BE54-9A1E7A4F7556}") = "GRP.Services.WaterTankCalculator", "Services\WaterTankCalculator\GRP.Services.WaterTankCalculator\GRP.Services.WaterTankCalculator.csproj", "{FB6C3E20-0566-4BAD-BB6E-0CD3D35B6DB4}"
EndProject
Project("{9A19103F-16F7-4668-BE54-9A1E7A4F7556}") = "GRP.Shared", "Shared\GRP.Shared\GRP.Shared.csproj", "{CC1D71A3-31D0-415A-B0F5-36B95428DF96}"
EndProject
Project("{9A19103F-16F7-4668-BE54-9A1E7A4F7556}") = "GRP.IdentityServer", "IdentityServer\GRP.IdentityServer\GRP.IdentityServer.csproj", "{EA41F9F1-6544-4BB4-9EC9-A365C05C5F16}"
EndProject
Project("{9A19103F-16F7-4668-BE54-9A1E7A4F7556}") = "GRP.Services.WaterTankCalculator.Entities", "Services\WaterTankCalculator\GRP.Services.WaterTankCalculator.Entities\GRP.Services.WaterTankCalculator.Entities.csproj", "{EE5CA272-6494-4915-A52A-0D56ACB5979E}"
EndProject
Project("{9A19103F-16F7-4668-BE54-9A1E7A4F7556}") = "GRP.Services.WaterTankCalculator.DAL", "Services\WaterTankCalculator\GRP.Services.WaterTankCalculator.DAL\GRP.Services.WaterTankCalculator.DAL.csproj", "{D5264302-E6D9-4B78-A782-C0E9CAEF61D0}"
EndProject
Project("{9A19103F-16F7-4668-BE54-9A1E7A4F7556}") = "GRP.Services.WaterTankCalculator.BLL", "Services\WaterTankCalculator\GRP.Services.WaterTankCalculator.BLL\GRP.Services.WaterTankCalculator.BLL.csproj", "{5F37B092-43D5-497C-B5AA-E9F31329848E}"
EndProject
Project("{9A19103F-16F7-4668-BE54-9A1E7A4F7556}") = "GRP.Core", "Shared\GRP.Core\GRP.Core.csproj", "{180F9604-F8B8-4247-B352-0DBD6031F113}"
EndProject
Project("{2150E333-8FDC-42A3-9474-1A3956D46DE8}") = "Notes", "Notes", "{BBD87BDB-1401-4690-8347-4EC7D2858617}"
	ProjectSection(SolutionItems) = preProject
		Notes\ClientInfo.txt = Notes\ClientInfo.txt
		Notes\Ports.txt = Notes\Ports.txt
	EndProjectSection
EndProject
Project("{9A19103F-16F7-4668-BE54-9A1E7A4F7556}") = "GRP.Gateway", "Gateway\GRP.Gateway\GRP.Gateway.csproj", "{7DF5E7FE-C706-428F-8CBA-1CA4B05FDD0A}"
EndProject
Global
	GlobalSection(SolutionConfigurationPlatforms) = preSolution
		Debug|Any CPU = Debug|Any CPU
		Release|Any CPU = Release|Any CPU
	EndGlobalSection
	GlobalSection(ProjectConfigurationPlatforms) = postSolution
		{2108BC24-F535-4BF7-B110-662F019B0A5E}.Debug|Any CPU.ActiveCfg = Debug|Any CPU
		{2108BC24-F535-4BF7-B110-662F019B0A5E}.Debug|Any CPU.Build.0 = Debug|Any CPU
		{2108BC24-F535-4BF7-B110-662F019B0A5E}.Release|Any CPU.ActiveCfg = Release|Any CPU
		{2108BC24-F535-4BF7-B110-662F019B0A5E}.Release|Any CPU.Build.0 = Release|Any CPU
		{FB6C3E20-0566-4BAD-BB6E-0CD3D35B6DB4}.Debug|Any CPU.ActiveCfg = Debug|Any CPU
		{FB6C3E20-0566-4BAD-BB6E-0CD3D35B6DB4}.Debug|Any CPU.Build.0 = Debug|Any CPU
		{FB6C3E20-0566-4BAD-BB6E-0CD3D35B6DB4}.Release|Any CPU.ActiveCfg = Release|Any CPU
		{FB6C3E20-0566-4BAD-BB6E-0CD3D35B6DB4}.Release|Any CPU.Build.0 = Release|Any CPU
		{CC1D71A3-31D0-415A-B0F5-36B95428DF96}.Debug|Any CPU.ActiveCfg = Debug|Any CPU
		{CC1D71A3-31D0-415A-B0F5-36B95428DF96}.Debug|Any CPU.Build.0 = Debug|Any CPU
		{CC1D71A3-31D0-415A-B0F5-36B95428DF96}.Release|Any CPU.ActiveCfg = Release|Any CPU
		{CC1D71A3-31D0-415A-B0F5-36B95428DF96}.Release|Any CPU.Build.0 = Release|Any CPU
		{EA41F9F1-6544-4BB4-9EC9-A365C05C5F16}.Debug|Any CPU.ActiveCfg = Debug|Any CPU
		{EA41F9F1-6544-4BB4-9EC9-A365C05C5F16}.Debug|Any CPU.Build.0 = Debug|Any CPU
		{EA41F9F1-6544-4BB4-9EC9-A365C05C5F16}.Release|Any CPU.ActiveCfg = Release|Any CPU
		{EA41F9F1-6544-4BB4-9EC9-A365C05C5F16}.Release|Any CPU.Build.0 = Release|Any CPU
		{EE5CA272-6494-4915-A52A-0D56ACB5979E}.Debug|Any CPU.ActiveCfg = Debug|Any CPU
		{EE5CA272-6494-4915-A52A-0D56ACB5979E}.Debug|Any CPU.Build.0 = Debug|Any CPU
		{EE5CA272-6494-4915-A52A-0D56ACB5979E}.Release|Any CPU.ActiveCfg = Release|Any CPU
		{EE5CA272-6494-4915-A52A-0D56ACB5979E}.Release|Any CPU.Build.0 = Release|Any CPU
		{D5264302-E6D9-4B78-A782-C0E9CAEF61D0}.Debug|Any CPU.ActiveCfg = Debug|Any CPU
		{D5264302-E6D9-4B78-A782-C0E9CAEF61D0}.Debug|Any CPU.Build.0 = Debug|Any CPU
		{D5264302-E6D9-4B78-A782-C0E9CAEF61D0}.Release|Any CPU.ActiveCfg = Release|Any CPU
		{D5264302-E6D9-4B78-A782-C0E9CAEF61D0}.Release|Any CPU.Build.0 = Release|Any CPU
		{5F37B092-43D5-497C-B5AA-E9F31329848E}.Debug|Any CPU.ActiveCfg = Debug|Any CPU
		{5F37B092-43D5-497C-B5AA-E9F31329848E}.Debug|Any CPU.Build.0 = Debug|Any CPU
		{5F37B092-43D5-497C-B5AA-E9F31329848E}.Release|Any CPU.ActiveCfg = Release|Any CPU
		{5F37B092-43D5-497C-B5AA-E9F31329848E}.Release|Any CPU.Build.0 = Release|Any CPU
		{180F9604-F8B8-4247-B352-0DBD6031F113}.Debug|Any CPU.ActiveCfg = Debug|Any CPU
		{180F9604-F8B8-4247-B352-0DBD6031F113}.Debug|Any CPU.Build.0 = Debug|Any CPU
		{180F9604-F8B8-4247-B352-0DBD6031F113}.Release|Any CPU.ActiveCfg = Release|Any CPU
		{180F9604-F8B8-4247-B352-0DBD6031F113}.Release|Any CPU.Build.0 = Release|Any CPU
		{7DF5E7FE-C706-428F-8CBA-1CA4B05FDD0A}.Debug|Any CPU.ActiveCfg = Debug|Any CPU
		{7DF5E7FE-C706-428F-8CBA-1CA4B05FDD0A}.Debug|Any CPU.Build.0 = Debug|Any CPU
		{7DF5E7FE-C706-428F-8CBA-1CA4B05FDD0A}.Release|Any CPU.ActiveCfg = Release|Any CPU
		{7DF5E7FE-C706-428F-8CBA-1CA4B05FDD0A}.Release|Any CPU.Build.0 = Release|Any CPU
	EndGlobalSection
	GlobalSection(SolutionProperties) = preSolution
		HideSolutionNode = FALSE
	EndGlobalSection
	GlobalSection(NestedProjects) = preSolution
		{680CC665-8451-4E1E-B37E-A78BF62DDC69} = {28722BEC-F0CF-4EF1-A94E-FC13872CA45B}
		{2108BC24-F535-4BF7-B110-662F019B0A5E} = {8A271992-D3D1-4FA4-A69D-DC918167E07C}
		{6C3F9833-F227-47E5-AAF0-14EA4FB85DD0} = {55D11A66-3000-4327-9D1C-AB1144EC0C7C}
		{FB6C3E20-0566-4BAD-BB6E-0CD3D35B6DB4} = {6C3F9833-F227-47E5-AAF0-14EA4FB85DD0}
		{CC1D71A3-31D0-415A-B0F5-36B95428DF96} = {8A271992-D3D1-4FA4-A69D-DC918167E07C}
		{EA41F9F1-6544-4BB4-9EC9-A365C05C5F16} = {F404B739-2B48-4BD7-87F6-6DEDA3F14447}
		{EE5CA272-6494-4915-A52A-0D56ACB5979E} = {6C3F9833-F227-47E5-AAF0-14EA4FB85DD0}
		{D5264302-E6D9-4B78-A782-C0E9CAEF61D0} = {6C3F9833-F227-47E5-AAF0-14EA4FB85DD0}
		{5F37B092-43D5-497C-B5AA-E9F31329848E} = {6C3F9833-F227-47E5-AAF0-14EA4FB85DD0}
		{180F9604-F8B8-4247-B352-0DBD6031F113} = {8A271992-D3D1-4FA4-A69D-DC918167E07C}
		{7DF5E7FE-C706-428F-8CBA-1CA4B05FDD0A} = {BAF3B236-AEDA-4D62-A424-43AA802B0234}
	EndGlobalSection
	GlobalSection(ExtensibilityGlobals) = postSolution
		SolutionGuid = {C03B91F8-DFFF-402B-98F6-E3C5033F2E2C}
	EndGlobalSection
EndGlobal
